// !$*UTF8*$!
{
	archiveVersion = 1;
	classes = {
	};
	objectVersion = 46;
	objects = {

/* Begin PBXBuildFile section */
		1C2743DB1E41D4060089767F /* PerfectUI.framework in Frameworks */ = {isa = PBXBuildFile; fileRef = 1C2743D91E41D4020089767F /* PerfectUI.framework */; };
		1C2743DC1E41D4060089767F /* PerfectUI.framework in Embed Frameworks */ = {isa = PBXBuildFile; fileRef = 1C2743D91E41D4020089767F /* PerfectUI.framework */; settings = {ATTRIBUTES = (CodeSignOnCopy, RemoveHeadersOnCopy, ); }; };
		1C4E65E81E3B2BFF0081DD67 /* AppDelegate.swift in Sources */ = {isa = PBXBuildFile; fileRef = 1C4E65E71E3B2BFF0081DD67 /* AppDelegate.swift */; };
		1C4E65EA1E3B2BFF0081DD67 /* ViewController.swift in Sources */ = {isa = PBXBuildFile; fileRef = 1C4E65E91E3B2BFF0081DD67 /* ViewController.swift */; };
		1C4E65ED1E3B2BFF0081DD67 /* Main.storyboard in Resources */ = {isa = PBXBuildFile; fileRef = 1C4E65EB1E3B2BFF0081DD67 /* Main.storyboard */; };
		1C4E65EF1E3B2BFF0081DD67 /* Assets.xcassets in Resources */ = {isa = PBXBuildFile; fileRef = 1C4E65EE1E3B2BFF0081DD67 /* Assets.xcassets */; };
		1C4E65F21E3B2BFF0081DD67 /* LaunchScreen.storyboard in Resources */ = {isa = PBXBuildFile; fileRef = 1C4E65F01E3B2BFF0081DD67 /* LaunchScreen.storyboard */; };
		1C4E66001E3B470E0081DD67 /* WalletVC.swift in Sources */ = {isa = PBXBuildFile; fileRef = 1C4E65FF1E3B470E0081DD67 /* WalletVC.swift */; };
		1C4E66021E3B47750081DD67 /* SimpleLoginVC.swift in Sources */ = {isa = PBXBuildFile; fileRef = 1C4E66011E3B47750081DD67 /* SimpleLoginVC.swift */; };
		1C4E66061E3B500B0081DD67 /* MONTSERRAT-BOLD_0.TTF in Resources */ = {isa = PBXBuildFile; fileRef = 1C4E66041E3B500B0081DD67 /* MONTSERRAT-BOLD_0.TTF */; };
		1C4E66071E3B500B0081DD67 /* MONTSERRAT-REGULAR.TTF in Resources */ = {isa = PBXBuildFile; fileRef = 1C4E66051E3B500B0081DD67 /* MONTSERRAT-REGULAR.TTF */; };
/* End PBXBuildFile section */

/* Begin PBXCopyFilesBuildPhase section */
		1C4E65FE1E3B2C260081DD67 /* Embed Frameworks */ = {
			isa = PBXCopyFilesBuildPhase;
			buildActionMask = 2147483647;
			dstPath = "";
			dstSubfolderSpec = 10;
			files = (
				1C2743DC1E41D4060089767F /* PerfectUI.framework in Embed Frameworks */,
			);
			name = "Embed Frameworks";
			runOnlyForDeploymentPostprocessing = 0;
		};
/* End PBXCopyFilesBuildPhase section */

/* Begin PBXFileReference section */
		1C2743D91E41D4020089767F /* PerfectUI.framework */ = {isa = PBXFileReference; lastKnownFileType = wrapper.framework; name = PerfectUI.framework; path = PrefectUIDemo/PerfectUI.framework; sourceTree = "<group>"; };
		1C4E65E41E3B2BFF0081DD67 /* PrefectUIDemo.app */ = {isa = PBXFileReference; explicitFileType = wrapper.application; includeInIndex = 0; path = PrefectUIDemo.app; sourceTree = BUILT_PRODUCTS_DIR; };
		1C4E65E71E3B2BFF0081DD67 /* AppDelegate.swift */ = {isa = PBXFileReference; lastKnownFileType = sourcecode.swift; path = AppDelegate.swift; sourceTree = "<group>"; };
		1C4E65E91E3B2BFF0081DD67 /* ViewController.swift */ = {isa = PBXFileReference; lastKnownFileType = sourcecode.swift; path = ViewController.swift; sourceTree = "<group>"; };
		1C4E65EC1E3B2BFF0081DD67 /* Base */ = {isa = PBXFileReference; lastKnownFileType = file.storyboard; name = Base; path = Base.lproj/Main.storyboard; sourceTree = "<group>"; };
		1C4E65EE1E3B2BFF0081DD67 /* Assets.xcassets */ = {isa = PBXFileReference; lastKnownFileType = folder.assetcatalog; path = Assets.xcassets; sourceTree = "<group>"; };
		1C4E65F11E3B2BFF0081DD67 /* Base */ = {isa = PBXFileReference; lastKnownFileType = file.storyboard; name = Base; path = Base.lproj/LaunchScreen.storyboard; sourceTree = "<group>"; };
		1C4E65F31E3B2BFF0081DD67 /* Info.plist */ = {isa = PBXFileReference; lastKnownFileType = text.plist.xml; path = Info.plist; sourceTree = "<group>"; };
		1C4E65FF1E3B470E0081DD67 /* WalletVC.swift */ = {isa = PBXFileReference; fileEncoding = 4; lastKnownFileType = sourcecode.swift; path = WalletVC.swift; sourceTree = "<group>"; };
		1C4E66011E3B47750081DD67 /* SimpleLoginVC.swift */ = {isa = PBXFileReference; fileEncoding = 4; lastKnownFileType = sourcecode.swift; path = SimpleLoginVC.swift; sourceTree = "<group>"; };
		1C4E66041E3B500B0081DD67 /* MONTSERRAT-BOLD_0.TTF */ = {isa = PBXFileReference; lastKnownFileType = file; path = "MONTSERRAT-BOLD_0.TTF"; sourceTree = "<group>"; };
		1C4E66051E3B500B0081DD67 /* MONTSERRAT-REGULAR.TTF */ = {isa = PBXFileReference; lastKnownFileType = file; path = "MONTSERRAT-REGULAR.TTF"; sourceTree = "<group>"; };
/* End PBXFileReference section */

/* Begin PBXFrameworksBuildPhase section */
		1C4E65E11E3B2BFF0081DD67 /* Frameworks */ = {
			isa = PBXFrameworksBuildPhase;
			buildActionMask = 2147483647;
			files = (
				1C2743DB1E41D4060089767F /* PerfectUI.framework in Frameworks */,
			);
			runOnlyForDeploymentPostprocessing = 0;
		};
/* End PBXFrameworksBuildPhase section */

/* Begin PBXGroup section */
		1C4E65DB1E3B2BFF0081DD67 = {
			isa = PBXGroup;
			children = (
				1C4E65E61E3B2BFF0081DD67 /* PrefectUIDemo */,
				1C4E65E51E3B2BFF0081DD67 /* Products */,
				1C4E65F91E3B2C210081DD67 /* Frameworks */,
			);
			sourceTree = "<group>";
		};
		1C4E65E51E3B2BFF0081DD67 /* Products */ = {
			isa = PBXGroup;
			children = (
				1C4E65E41E3B2BFF0081DD67 /* PrefectUIDemo.app */,
			);
			name = Products;
			sourceTree = "<group>";
		};
		1C4E65E61E3B2BFF0081DD67 /* PrefectUIDemo */ = {
			isa = PBXGroup;
			children = (
				1C4E65E71E3B2BFF0081DD67 /* AppDelegate.swift */,
				1C4E65E91E3B2BFF0081DD67 /* ViewController.swift */,
				1C4E66011E3B47750081DD67 /* SimpleLoginVC.swift */,
				1C4E65FF1E3B470E0081DD67 /* WalletVC.swift */,
				1C4E65EB1E3B2BFF0081DD67 /* Main.storyboard */,
				1C4E65EE1E3B2BFF0081DD67 /* Assets.xcassets */,
				1C4E65F01E3B2BFF0081DD67 /* LaunchScreen.storyboard */,
				1C4E65F31E3B2BFF0081DD67 /* Info.plist */,
				1C4E66031E3B500B0081DD67 /* Support */,
			);
			path = PrefectUIDemo;
			sourceTree = "<group>";
		};
		1C4E65F91E3B2C210081DD67 /* Frameworks */ = {
			isa = PBXGroup;
			children = (
				1C2743D91E41D4020089767F /* PerfectUI.framework */,
			);
			name = Frameworks;
			sourceTree = "<group>";
		};
		1C4E66031E3B500B0081DD67 /* Support */ = {
			isa = PBXGroup;
			children = (
				1C4E66041E3B500B0081DD67 /* MONTSERRAT-BOLD_0.TTF */,
				1C4E66051E3B500B0081DD67 /* MONTSERRAT-REGULAR.TTF */,
			);
			path = Support;
			sourceTree = "<group>";
		};
/* End PBXGroup section */

/* Begin PBXNativeTarget section */
		1C4E65E31E3B2BFF0081DD67 /* PrefectUIDemo */ = {
			isa = PBXNativeTarget;
			buildConfigurationList = 1C4E65F61E3B2BFF0081DD67 /* Build configuration list for PBXNativeTarget "PrefectUIDemo" */;
			buildPhases = (
				1C4E65E01E3B2BFF0081DD67 /* Sources */,
				1C4E65E11E3B2BFF0081DD67 /* Frameworks */,
				1C4E65E21E3B2BFF0081DD67 /* Resources */,
				1C4E65FE1E3B2C260081DD67 /* Embed Frameworks */,
			);
			buildRules = (
			);
			dependencies = (
			);
			name = PrefectUIDemo;
			productName = PrefectUIDemo;
			productReference = 1C4E65E41E3B2BFF0081DD67 /* PrefectUIDemo.app */;
			productType = "com.apple.product-type.application";
		};
/* End PBXNativeTarget section */

/* Begin PBXProject section */
		1C4E65DC1E3B2BFF0081DD67 /* Project object */ = {
			isa = PBXProject;
			attributes = {
				LastSwiftUpdateCheck = 0820;
				LastUpgradeCheck = 0820;
				ORGANIZATIONNAME = Piyush;
				TargetAttributes = {
					1C4E65E31E3B2BFF0081DD67 = {
						CreatedOnToolsVersion = 8.2.1;
						ProvisioningStyle = Automatic;
					};
				};
			};
			buildConfigurationList = 1C4E65DF1E3B2BFF0081DD67 /* Build configuration list for PBXProject "PrefectUIDemo" */;
			compatibilityVersion = "Xcode 3.2";
			developmentRegion = English;
			hasScannedForEncodings = 0;
			knownRegions = (
				en,
				Base,
			);
			mainGroup = 1C4E65DB1E3B2BFF0081DD67;
			productRefGroup = 1C4E65E51E3B2BFF0081DD67 /* Products */;
			projectDirPath = "";
			projectRoot = "";
			targets = (
				1C4E65E31E3B2BFF0081DD67 /* PrefectUIDemo */,
			);
		};
/* End PBXProject section */

/* Begin PBXResourcesBuildPhase section */
		1C4E65E21E3B2BFF0081DD67 /* Resources */ = {
			isa = PBXResourcesBuildPhase;
			buildActionMask = 2147483647;
			files = (
				1C4E65F21E3B2BFF0081DD67 /* LaunchScreen.storyboard in Resources */,
				1C4E66071E3B500B0081DD67 /* MONTSERRAT-REGULAR.TTF in Resources */,
				1C4E66061E3B500B0081DD67 /* MONTSERRAT-BOLD_0.TTF in Resources */,
				1C4E65EF1E3B2BFF0081DD67 /* Assets.xcassets in Resources */,
				1C4E65ED1E3B2BFF0081DD67 /* Main.storyboard in Resources */,
			);
			runOnlyForDeploymentPostprocessing = 0;
		};
/* End PBXResourcesBuildPhase section */

/* Begin PBXSourcesBuildPhase section */
		1C4E65E01E3B2BFF0081DD67 /* Sources */ = {
			isa = PBXSourcesBuildPhase;
			buildActionMask = 2147483647;
			files = (
				1C4E65EA1E3B2BFF0081DD67 /* ViewController.swift in Sources */,
				1C4E66001E3B470E0081DD67 /* WalletVC.swift in Sources */,
				1C4E66021E3B47750081DD67 /* SimpleLoginVC.swift in Sources */,
				1C4E65E81E3B2BFF0081DD67 /* AppDelegate.swift in Sources */,
			);
			runOnlyForDeploymentPostprocessing = 0;
		};
/* End PBXSourcesBuildPhase section */

/* Begin PBXVariantGroup section */
		1C4E65EB1E3B2BFF0081DD67 /* Main.storyboard */ = {
			isa = PBXVariantGroup;
			children = (
				1C4E65EC1E3B2BFF0081DD67 /* Base */,
			);
			name = Main.storyboard;
			sourceTree = "<group>";
		};
		1C4E65F01E3B2BFF0081DD67 /* LaunchScreen.storyboard */ = {
			isa = PBXVariantGroup;
			children = (
				1C4E65F11E3B2BFF0081DD67 /* Base */,
			);
			name = LaunchScreen.storyboard;
			sourceTree = "<group>";
		};
/* End PBXVariantGroup section */

/* Begin XCBuildConfiguration section */
		1C4E65F41E3B2BFF0081DD67 /* Debug */ = {
			isa = XCBuildConfiguration;
			buildSettings = {
				ALWAYS_SEARCH_USER_PATHS = NO;
				CLANG_ANALYZER_NONNULL = YES;
				CLANG_CXX_LANGUAGE_STANDARD = "gnu++0x";
				CLANG_CXX_LIBRARY = "libc++";
				CLANG_ENABLE_MODULES = YES;
				CLANG_ENABLE_OBJC_ARC = YES;
				CLANG_WARN_BOOL_CONVERSION = YES;
				CLANG_WARN_CONSTANT_CONVERSION = YES;
				CLANG_WARN_DIRECT_OBJC_ISA_USAGE = YES_ERROR;
				CLANG_WARN_DOCUMENTATION_COMMENTS = YES;
				CLANG_WARN_EMPTY_BODY = YES;
				CLANG_WARN_ENUM_CONVERSION = YES;
				CLANG_WARN_INFINITE_RECURSION = YES;
				CLANG_WARN_INT_CONVERSION = YES;
				CLANG_WARN_OBJC_ROOT_CLASS = YES_ERROR;
				CLANG_WARN_SUSPICIOUS_MOVE = YES;
				CLANG_WARN_UNREACHABLE_CODE = YES;
				CLANG_WARN__DUPLICATE_METHOD_MATCH = YES;
				"CODE_SIGN_IDENTITY[sdk=iphoneos*]" = "iPhone Developer";
				COPY_PHASE_STRIP = NO;
				DEBUG_INFORMATION_FORMAT = dwarf;
				ENABLE_STRICT_OBJC_MSGSEND = YES;
				ENABLE_TESTABILITY = YES;
				GCC_C_LANGUAGE_STANDARD = gnu99;
				GCC_DYNAMIC_NO_PIC = NO;
				GCC_NO_COMMON_BLOCKS = YES;
				GCC_OPTIMIZATION_LEVEL = 0;
				GCC_PREPROCESSOR_DEFINITIONS = (
					"DEBUG=1",
					"$(inherited)",
				);
				GCC_WARN_64_TO_32_BIT_CONVERSION = YES;
				GCC_WARN_ABOUT_RETURN_TYPE = YES_ERROR;
				GCC_WARN_UNDECLARED_SELECTOR = YES;
				GCC_WARN_UNINITIALIZED_AUTOS = YES_AGGRESSIVE;
				GCC_WARN_UNUSED_FUNCTION = YES;
				GCC_WARN_UNUSED_VARIABLE = YES;
				IPHONEOS_DEPLOYMENT_TARGET = 8.0;
				MTL_ENABLE_DEBUG_INFO = YES;
				ONLY_ACTIVE_ARCH = YES;
				SDKROOT = iphoneos;
				SWIFT_ACTIVE_COMPILATION_CONDITIONS = DEBUG;
				SWIFT_OPTIMIZATION_LEVEL = "-Onone";
			};
			name = Debug;
		};
		1C4E65F51E3B2BFF0081DD67 /* Release */ = {
			isa = XCBuildConfiguration;
			buildSettings = {
				ALWAYS_SEARCH_USER_PATHS = NO;
				CLANG_ANALYZER_NONNULL = YES;
				CLANG_CXX_LANGUAGE_STANDARD = "gnu++0x";
				CLANG_CXX_LIBRARY = "libc++";
				CLANG_ENABLE_MODULES = YES;
				CLANG_ENABLE_OBJC_ARC = YES;
				CLANG_WARN_BOOL_CONVERSION = YES;
				CLANG_WARN_CONSTANT_CONVERSION = YES;
				CLANG_WARN_DIRECT_OBJC_ISA_USAGE = YES_ERROR;
				CLANG_WARN_DOCUMENTATION_COMMENTS = YES;
				CLANG_WARN_EMPTY_BODY = YES;
				CLANG_WARN_ENUM_CONVERSION = YES;
				CLANG_WARN_INFINITE_RECURSION = YES;
				CLANG_WARN_INT_CONVERSION = YES;
				CLANG_WARN_OBJC_ROOT_CLASS = YES_ERROR;
				CLANG_WARN_SUSPICIOUS_MOVE = YES;
				CLANG_WARN_UNREACHABLE_CODE = YES;
				CLANG_WARN__DUPLICATE_METHOD_MATCH = YES;
				"CODE_SIGN_IDENTITY[sdk=iphoneos*]" = "iPhone Developer";
				COPY_PHASE_STRIP = NO;
				DEBUG_INFORMATION_FORMAT = "dwarf-with-dsym";
				ENABLE_NS_ASSERTIONS = NO;
				ENABLE_STRICT_OBJC_MSGSEND = YES;
				GCC_C_LANGUAGE_STANDARD = gnu99;
				GCC_NO_COMMON_BLOCKS = YES;
				GCC_WARN_64_TO_32_BIT_CONVERSION = YES;
				GCC_WARN_ABOUT_RETURN_TYPE = YES_ERROR;
				GCC_WARN_UNDECLARED_SELECTOR = YES;
				GCC_WARN_UNINITIALIZED_AUTOS = YES_AGGRESSIVE;
				GCC_WARN_UNUSED_FUNCTION = YES;
				GCC_WARN_UNUSED_VARIABLE = YES;
				IPHONEOS_DEPLOYMENT_TARGET = 8.0;
				MTL_ENABLE_DEBUG_INFO = NO;
				SDKROOT = iphoneos;
				SWIFT_OPTIMIZATION_LEVEL = "-Owholemodule";
				VALIDATE_PRODUCT = YES;
			};
			name = Release;
		};
		1C4E65F71E3B2BFF0081DD67 /* Debug */ = {
			isa = XCBuildConfiguration;
			buildSettings = {
				ASSETCATALOG_COMPILER_APPICON_NAME = AppIcon;
				"CODE_SIGN_IDENTITY[sdk=iphoneos*]" = "iPhone Developer";
				DEVELOPMENT_TEAM = "";
				FRAMEWORK_SEARCH_PATHS = (
					"$(inherited)",
					"$(PROJECT_DIR)/PrefectUIDemo",
				);
				INFOPLIST_FILE = PrefectUIDemo/Info.plist;
				IPHONEOS_DEPLOYMENT_TARGET = 8.0;
				LD_RUNPATH_SEARCH_PATHS = "$(inherited) @executable_path/Frameworks";
				ONLY_ACTIVE_ARCH = YES;
				OTHER_LDFLAGS = "";
				PRODUCT_BUNDLE_IDENTIFIER = com.credencys.PrefectUIDemo;
				PRODUCT_NAME = "$(TARGET_NAME)";
				PROVISIONING_PROFILE = "";
				PROVISIONING_PROFILE_SPECIFIER = "";
				SWIFT_VERSION = 3.0;
			};
			name = Debug;
		};
		1C4E65F81E3B2BFF0081DD67 /* Release */ = {
			isa = XCBuildConfiguration;
			buildSettings = {
				ASSETCATALOG_COMPILER_APPICON_NAME = AppIcon;
				"CODE_SIGN_IDENTITY[sdk=iphoneos*]" = "iPhone Developer";
				DEVELOPMENT_TEAM = "";
				FRAMEWORK_SEARCH_PATHS = (
					"$(inherited)",
					"$(PROJECT_DIR)/PrefectUIDemo",
				);
				INFOPLIST_FILE = PrefectUIDemo/Info.plist;
				IPHONEOS_DEPLOYMENT_TARGET = 8.0;
				LD_RUNPATH_SEARCH_PATHS = "$(inherited) @executable_path/Frameworks";
				ONLY_ACTIVE_ARCH = YES;
				OTHER_LDFLAGS = "";
				PRODUCT_BUNDLE_IDENTIFIER = com.credencys.PrefectUIDemo;
				PRODUCT_NAME = "$(TARGET_NAME)";
				PROVISIONING_PROFILE = "";
				PROVISIONING_PROFILE_SPECIFIER = "";
				SWIFT_VERSION = 3.0;
			};
			name = Release;
		};
/* End XCBuildConfiguration section */

/* Begin XCConfigurationList section */
		1C4E65DF1E3B2BFF0081DD67 /* Build configuration list for PBXProject "PrefectUIDemo" */ = {
			isa = XCConfigurationList;
			buildConfigurations = (
				1C4E65F41E3B2BFF0081DD67 /* Debug */,
				1C4E65F51E3B2BFF0081DD67 /* Release */,
			);
			defaultConfigurationIsVisible = 0;
			defaultConfigurationName = Release;
		};
		1C4E65F61E3B2BFF0081DD67 /* Build configuration list for PBXNativeTarget "PrefectUIDemo" */ = {
			isa = XCConfigurationList;
			buildConfigurations = (
				1C4E65F71E3B2BFF0081DD67 /* Debug */,
				1C4E65F81E3B2BFF0081DD67 /* Release */,
			);
			defaultConfigurationIsVisible = 0;
			defaultConfigurationName = Release;
		};
/* End XCConfigurationList section */
	};
	rootObject = 1C4E65DC1E3B2BFF0081DD67 /* Project object */;
}
